
Microsoft Visual Studio Solution File, Format Version 12.00
# Visual Studio 2013
VisualStudioVersion = 12.0.21005.1
MinimumVisualStudioVersion = 10.0.40219.1
Project("{FAE04EC0-301F-11D3-BF4B-00C04F79EFBC}") = "NguyenDuyManh_Tuan03", "NguyenDuyManh_Tuan03\NguyenDuyManh_Tuan03.csproj", "{817AEF6A-A147-4294-A7A0-402144A4A13A}"
EndProject
Project("{FAE04EC0-301F-11D3-BF4B-00C04F79EFBC}") = "Control", "Control\Control.csproj", "{50F075D4-DCCD-4CFB-97BD-C60362526373}"
EndProject
Global
	GlobalSection(SolutionConfigurationPlatforms) = preSolution
		Debug|Any CPU = Debug|Any CPU
		Release|Any CPU = Release|Any CPU
	EndGlobalSection
	GlobalSection(ProjectConfigurationPlatforms) = postSolution
		{817AEF6A-A147-4294-A7A0-402144A4A13A}.Debug|Any CPU.ActiveCfg = Debug|Any CPU
		{817AEF6A-A147-4294-A7A0-402144A4A13A}.Debug|Any CPU.Build.0 = Debug|Any CPU
		{817AEF6A-A147-4294-A7A0-402144A4A13A}.Release|Any CPU.ActiveCfg = Release|Any CPU
		{817AEF6A-A147-4294-A7A0-402144A4A13A}.Release|Any CPU.Build.0 = Release|Any CPU
		{50F075D4-DCCD-4CFB-97BD-C60362526373}.Debug|Any CPU.ActiveCfg = Debug|Any CPU
		{50F075D4-DCCD-4CFB-97BD-C60362526373}.Debug|Any CPU.Build.0 = Debug|Any CPU
		{50F075D4-DCCD-4CFB-97BD-C60362526373}.Release|Any CPU.ActiveCfg = Release|Any CPU
		{50F075D4-DCCD-4CFB-97BD-C60362526373}.Release|Any CPU.Build.0 = Release|Any CPU
	EndGlobalSection
	GlobalSection(SolutionProperties) = preSolution
		HideSolutionNode = FALSE
	EndGlobalSection
EndGlobal
